{
  "requires": true,
  "lockfileVersion": 1,
  "dependencies": {
    "@types/faker": {
      "version": "5.5.7",
      "resolved": "https://registry.npmjs.org/@types/faker/-/faker-5.5.7.tgz",
      "integrity": "sha512-ejzb61Q5zQTtS0ZIafgQ7ahO5ACzmGhG5PfX2hxWyth3k0/aysb4ZOxKQB8DbzwSPppA5jmFBwqnBxjv5hqI5Q==",
      "dev": true
    }
  }
}
